
Microsoft Visual Studio Solution File, Format Version 12.00
# Visual Studio Version 17
VisualStudioVersion = 17.2.32630.192
MinimumVisualStudioVersion = 10.0.40219.1
Project("{FAE04EC0-301F-11D3-BF4B-00C04F79EFBC}") = "OdeToFood", "OdeToFood\OdeToFood.csproj", "{3B9D4B8C-FD1A-48CD-B31D-B889CE4D39DF}"
EndProject
Project("{FAE04EC0-301F-11D3-BF4B-00C04F79EFBC}") = "OdeToFood.Core", "OdeToFood.Core\OdeToFood.Core.csproj", "{DD9D0850-CF6A-4BB5-8E4C-16641E75CCA9}"
EndProject
Project("{FAE04EC0-301F-11D3-BF4B-00C04F79EFBC}") = "OdeToFood.Data", "OdeToFood.Data\OdeToFood.Data.csproj", "{021B2156-7D99-4129-A23D-B94D71AFFDA5}"
EndProject
Project("{2150E333-8FDC-42A3-9474-1A3956D46DE8}") = "Solution Items", "Solution Items", "{FFA269C6-0568-431E-9D67-37F32643B098}"
	ProjectSection(SolutionItems) = preProject
		.editorconfig = .editorconfig
	EndProjectSection
EndProject
Global
	GlobalSection(SolutionConfigurationPlatforms) = preSolution
		Debug|Any CPU = Debug|Any CPU
		Release|Any CPU = Release|Any CPU
	EndGlobalSection
	GlobalSection(ProjectConfigurationPlatforms) = postSolution
		{3B9D4B8C-FD1A-48CD-B31D-B889CE4D39DF}.Debug|Any CPU.ActiveCfg = Debug|Any CPU
		{3B9D4B8C-FD1A-48CD-B31D-B889CE4D39DF}.Debug|Any CPU.Build.0 = Debug|Any CPU
		{3B9D4B8C-FD1A-48CD-B31D-B889CE4D39DF}.Release|Any CPU.ActiveCfg = Release|Any CPU
		{3B9D4B8C-FD1A-48CD-B31D-B889CE4D39DF}.Release|Any CPU.Build.0 = Release|Any CPU
		{DD9D0850-CF6A-4BB5-8E4C-16641E75CCA9}.Debug|Any CPU.ActiveCfg = Debug|Any CPU
		{DD9D0850-CF6A-4BB5-8E4C-16641E75CCA9}.Debug|Any CPU.Build.0 = Debug|Any CPU
		{DD9D0850-CF6A-4BB5-8E4C-16641E75CCA9}.Release|Any CPU.ActiveCfg = Release|Any CPU
		{DD9D0850-CF6A-4BB5-8E4C-16641E75CCA9}.Release|Any CPU.Build.0 = Release|Any CPU
		{021B2156-7D99-4129-A23D-B94D71AFFDA5}.Debug|Any CPU.ActiveCfg = Debug|Any CPU
		{021B2156-7D99-4129-A23D-B94D71AFFDA5}.Debug|Any CPU.Build.0 = Debug|Any CPU
		{021B2156-7D99-4129-A23D-B94D71AFFDA5}.Release|Any CPU.ActiveCfg = Release|Any CPU
		{021B2156-7D99-4129-A23D-B94D71AFFDA5}.Release|Any CPU.Build.0 = Release|Any CPU
	EndGlobalSection
	GlobalSection(SolutionProperties) = preSolution
		HideSolutionNode = FALSE
	EndGlobalSection
	GlobalSection(ExtensibilityGlobals) = postSolution
		SolutionGuid = {E9193675-89F4-46DC-94E3-9E6E98BC81E3}
	EndGlobalSection
EndGlobal
